
Microsoft Visual Studio Solution File, Format Version 12.00
# Visual Studio Version 17
VisualStudioVersion = 17.7.34202.233
MinimumVisualStudioVersion = 10.0.40219.1
Project("{FAE04EC0-301F-11D3-BF4B-00C04F79EFBC}") = "SifreliVeriler", "SifreliVeriler\SifreliVeriler.csproj", "{94B08E3C-6125-4D10-9574-A844DA53121B}"
EndProject
Global
	GlobalSection(SolutionConfigurationPlatforms) = preSolution
		Debug|Any CPU = Debug|Any CPU
		Release|Any CPU = Release|Any CPU
	EndGlobalSection
	GlobalSection(ProjectConfigurationPlatforms) = postSolution
		{94B08E3C-6125-4D10-9574-A844DA53121B}.Debug|Any CPU.ActiveCfg = Debug|Any CPU
		{94B08E3C-6125-4D10-9574-A844DA53121B}.Debug|Any CPU.Build.0 = Debug|Any CPU
		{94B08E3C-6125-4D10-9574-A844DA53121B}.Release|Any CPU.ActiveCfg = Release|Any CPU
		{94B08E3C-6125-4D10-9574-A844DA53121B}.Release|Any CPU.Build.0 = Release|Any CPU
	EndGlobalSection
	GlobalSection(SolutionProperties) = preSolution
		HideSolutionNode = FALSE
	EndGlobalSection
	GlobalSection(ExtensibilityGlobals) = postSolution
		SolutionGuid = {EEA2CB54-303A-47E8-A8B3-34D138E2A62B}
	EndGlobalSection
EndGlobal
